version = 1
requires-python = ">=3.10"

[[distribution]]
name = "certifi"
version = "2022.12.7"
source = { registry = "https://download.pytorch.org/whl/rocm5.2" }
wheels = [
    { url = "https://download.pytorch.org/whl/certifi-2022.12.7-py3-none-any.whl#sha256=4ad3232f5e926d6718ec31cfc1fcadfde020920e278684144551c91769c7bc18", hash = "sha256:4ad3232f5e926d6718ec31cfc1fcadfde020920e278684144551c91769c7bc18" },
]

[[distribution]]
name = "charset-normalizer"
version = "2.1.1"
source = { registry = "https://download.pytorch.org/whl/rocm5.2" }
wheels = [
    { url = "https://download.pytorch.org/whl/charset_normalizer-2.1.1-py3-none-any.whl#sha256=83e9a75d1911279afd89352c68b45348559d1fc0506b054b346651b5e7fee29f", hash = "sha256:83e9a75d1911279afd89352c68b45348559d1fc0506b054b346651b5e7fee29f" },
]

[[distribution]]
name = "colorama"
version = "0.4.6"
source = { registry = "https://download.pytorch.org/whl/rocm5.2" }
wheels = [
    { url = "https://download.pytorch.org/whl/colorama-0.4.6-py2.py3-none-any.whl#sha256=4f1d9991f5acc0ca119f9d443620b77f9d6b33703e51011c16baf57afb285fc6", hash = "sha256:4f1d9991f5acc0ca119f9d443620b77f9d6b33703e51011c16baf57afb285fc6" },
]

[[distribution]]
name = "idna"
version = "3.4"
source = { registry = "https://download.pytorch.org/whl/rocm5.2" }
wheels = [
    { url = "https://download.pytorch.org/whl/idna-3.4-py3-none-any.whl#sha256=90b77e79eaa3eba6de819a0c442c0b4ceefc341a7a2ab77d7562bf49f425c5c2", hash = "sha256:90b77e79eaa3eba6de819a0c442c0b4ceefc341a7a2ab77d7562bf49f425c5c2" },
]

[[distribution]]
name = "joblib"
version = "1.4.2"
source = { registry = "https://pypi.org/simple" }
sdist = { url = "https://files.pythonhosted.org/packages/64/33/60135848598c076ce4b231e1b1895170f45fbcaeaa2c9d5e38b04db70c35/joblib-1.4.2.tar.gz", hash = "sha256:2382c5816b2636fbd20a09e0f4e9dad4736765fdfb7dca582943b9c1366b3f0e", size = 2116621 }
wheels = [
    { url = "https://files.pythonhosted.org/packages/91/29/df4b9b42f2be0b623cbd5e2140cafcaa2bef0759a00b7b70104dcfe2fb51/joblib-1.4.2-py3-none-any.whl", hash = "sha256:06d478d5674cbc267e7496a410ee875abd68e4340feff4490bcb7afb88060ae6", size = 301817 },
]

[[distribution]]
name = "numpy"
version = "1.26.3"
source = { registry = "https://download.pytorch.org/whl/rocm5.2" }
wheels = [
    { url = "https://download.pytorch.org/whl/numpy-1.26.3-cp310-cp310-macosx_10_9_x86_64.whl#sha256=806dd64230dbbfaca8a27faa64e2f414bf1c6622ab78cc4264f7f5f028fee3bf", hash = "sha256:806dd64230dbbfaca8a27faa64e2f414bf1c6622ab78cc4264f7f5f028fee3bf" },
    { url = "https://download.pytorch.org/whl/numpy-1.26.3-cp310-cp310-macosx_11_0_arm64.whl#sha256=02f98011ba4ab17f46f80f7f8f1c291ee7d855fcef0a5a98db80767a468c85cd", hash = "sha256:02f98011ba4ab17f46f80f7f8f1c291ee7d855fcef0a5a98db80767a468c85cd" },
    { url = "https://download.pytorch.org/whl/numpy-1.26.3-cp310-cp310-manylinux_2_17_aarch64.manylinux2014_aarch64.whl#sha256=6d45b3ec2faed4baca41c76617fcdcfa4f684ff7a151ce6fc78ad3b6e85af0a6", hash = "sha256:6d45b3ec2faed4baca41c76617fcdcfa4f684ff7a151ce6fc78ad3b6e85af0a6" },
    { url = "https://download.pytorch.org/whl/numpy-1.26.3-cp310-cp310-manylinux_2_17_x86_64.manylinux2014_x86_64.whl#sha256=bdd2b45bf079d9ad90377048e2747a0c82351989a2165821f0c96831b4a2a54b", hash = "sha256:bdd2b45bf079d9ad90377048e2747a0c82351989a2165821f0c96831b4a2a54b" },
    { url = "https://download.pytorch.org/whl/numpy-1.26.3-cp310-cp310-win_amd64.whl#sha256=9e1591f6ae98bcfac2a4bbf9221c0b92ab49762228f38287f6eeb5f3f55905ce", hash = "sha256:9e1591f6ae98bcfac2a4bbf9221c0b92ab49762228f38287f6eeb5f3f55905ce" },
    { url = "https://download.pytorch.org/whl/numpy-1.26.3-cp311-cp311-macosx_10_9_x86_64.whl#sha256=b831295e5472954104ecb46cd98c08b98b49c69fdb7040483aff799a755a7374", hash = "sha256:b831295e5472954104ecb46cd98c08b98b49c69fdb7040483aff799a755a7374" },
    { url = "https://download.pytorch.org/whl/numpy-1.26.3-cp311-cp311-macosx_11_0_arm64.whl#sha256=9e87562b91f68dd8b1c39149d0323b42e0082db7ddb8e934ab4c292094d575d6", hash = "sha256:9e87562b91f68dd8b1c39149d0323b42e0082db7ddb8e934ab4c292094d575d6" },
    { url = "https://download.pytorch.org/whl/numpy-1.26.3-cp311-cp311-manylinux_2_17_aarch64.manylinux2014_aarch64.whl#sha256=8c66d6fec467e8c0f975818c1796d25c53521124b7cfb760114be0abad53a0a2", hash = "sha256:8c66d6fec467e8c0f975818c1796d25c53521124b7cfb760114be0abad53a0a2" },
    { url = "https://download.pytorch.org/whl/numpy-1.26.3-cp311-cp311-manylinux_2_17_x86_64.manylinux2014_x86_64.whl#sha256=f25e2811a9c932e43943a2615e65fc487a0b6b49218899e62e426e7f0a57eeda", hash = "sha256:f25e2811a9c932e43943a2615e65fc487a0b6b49218899e62e426e7f0a57eeda" },
    { url = "https://download.pytorch.org/whl/numpy-1.26.3-cp311-cp311-win_amd64.whl#sha256=39763aee6dfdd4878032361b30b2b12593fb445ddb66bbac802e2113eb8a6ac4", hash = "sha256:39763aee6dfdd4878032361b30b2b12593fb445ddb66bbac802e2113eb8a6ac4" },
    { url = "https://download.pytorch.org/whl/numpy-1.26.3-cp312-cp312-macosx_10_9_x86_64.whl#sha256=a7081fd19a6d573e1a05e600c82a1c421011db7935ed0d5c483e9dd96b99cf13", hash = "sha256:a7081fd19a6d573e1a05e600c82a1c421011db7935ed0d5c483e9dd96b99cf13" },
    { url = "https://download.pytorch.org/whl/numpy-1.26.3-cp312-cp312-macosx_11_0_arm64.whl#sha256=12c70ac274b32bc00c7f61b515126c9205323703abb99cd41836e8125ea0043e", hash = "sha256:12c70ac274b32bc00c7f61b515126c9205323703abb99cd41836e8125ea0043e" },
    { url = "https://download.pytorch.org/whl/numpy-1.26.3-cp312-cp312-manylinux_2_17_aarch64.manylinux2014_aarch64.whl#sha256=7f784e13e598e9594750b2ef6729bcd5a47f6cfe4a12cca13def35e06d8163e3", hash = "sha256:7f784e13e598e9594750b2ef6729bcd5a47f6cfe4a12cca13def35e06d8163e3" },
    { url = "https://download.pytorch.org/whl/numpy-1.26.3-cp312-cp312-manylinux_2_17_x86_64.manylinux2014_x86_64.whl#sha256=5f24750ef94d56ce6e33e4019a8a4d68cfdb1ef661a52cdaee628a56d2437419", hash = "sha256:5f24750ef94d56ce6e33e4019a8a4d68cfdb1ef661a52cdaee628a56d2437419" },
    { url = "https://download.pytorch.org/whl/numpy-1.26.3-cp312-cp312-win_amd64.whl#sha256=da4b0c6c699a0ad73c810736303f7fbae483bcb012e38d7eb06a5e3b432c981b", hash = "sha256:da4b0c6c699a0ad73c810736303f7fbae483bcb012e38d7eb06a5e3b432c981b" },
]

[[distribution]]
name = "opencv-python"
version = "4.10.0.84"
source = { registry = "https://pypi.org/simple" }
dependencies = [
    { name = "numpy" },
]
sdist = { url = "https://files.pythonhosted.org/packages/4a/e7/b70a2d9ab205110d715906fc8ec83fbb00404aeb3a37a0654fdb68eb0c8c/opencv-python-4.10.0.84.tar.gz", hash = "sha256:72d234e4582e9658ffea8e9cae5b63d488ad06994ef12d81dc303b17472f3526", size = 95103981 }
wheels = [
    { url = "https://files.pythonhosted.org/packages/66/82/564168a349148298aca281e342551404ef5521f33fba17b388ead0a84dc5/opencv_python-4.10.0.84-cp37-abi3-macosx_11_0_arm64.whl", hash = "sha256:fc182f8f4cda51b45f01c64e4cbedfc2f00aff799debebc305d8d0210c43f251", size = 54835524 },
    { url = "https://files.pythonhosted.org/packages/64/4a/016cda9ad7cf18c58ba074628a4eaae8aa55f3fd06a266398cef8831a5b9/opencv_python-4.10.0.84-cp37-abi3-macosx_12_0_x86_64.whl", hash = "sha256:71e575744f1d23f79741450254660442785f45a0797212852ee5199ef12eed98", size = 56475426 },
    { url = "https://files.pythonhosted.org/packages/81/e4/7a987ebecfe5ceaf32db413b67ff18eb3092c598408862fff4d7cc3fd19b/opencv_python-4.10.0.84-cp37-abi3-manylinux_2_17_aarch64.manylinux2014_aarch64.whl", hash = "sha256:09a332b50488e2dda866a6c5573ee192fe3583239fb26ff2f7f9ceb0bc119ea6", size = 41746971 },
    { url = "https://files.pythonhosted.org/packages/3f/a4/d2537f47fd7fcfba966bd806e3ec18e7ee1681056d4b0a9c8d983983e4d5/opencv_python-4.10.0.84-cp37-abi3-manylinux_2_17_x86_64.manylinux2014_x86_64.whl", hash = "sha256:9ace140fc6d647fbe1c692bcb2abce768973491222c067c131d80957c595b71f", size = 62548253 },
    { url = "https://files.pythonhosted.org/packages/1e/39/bbf57e7b9dab623e8773f6ff36385456b7ae7fa9357a5e53db732c347eac/opencv_python-4.10.0.84-cp37-abi3-win32.whl", hash = "sha256:2db02bb7e50b703f0a2d50c50ced72e95c574e1e5a0bb35a8a86d0b35c98c236", size = 28737688 },
    { url = "https://files.pythonhosted.org/packages/ec/6c/fab8113424af5049f85717e8e527ca3773299a3c6b02506e66436e19874f/opencv_python-4.10.0.84-cp37-abi3-win_amd64.whl", hash = "sha256:32dbbd94c26f611dc5cc6979e6b7aa1f55a64d6b463cc1dcd3c95505a63e48fe", size = 38842521 },
]

[[distribution]]
name = "pillow"
version = "10.2.0"
source = { registry = "https://download.pytorch.org/whl/rocm5.2" }
wheels = [
    { url = "https://download.pytorch.org/whl/pillow-10.2.0-cp310-cp310-macosx_10_10_x86_64.whl#sha256=7823bdd049099efa16e4246bdf15e5a13dbb18a51b68fa06d6c1d4d8b99a796e", hash = "sha256:7823bdd049099efa16e4246bdf15e5a13dbb18a51b68fa06d6c1d4d8b99a796e" },
    { url = "https://download.pytorch.org/whl/pillow-10.2.0-cp310-cp310-macosx_11_0_arm64.whl#sha256=83b2021f2ade7d1ed556bc50a399127d7fb245e725aa0113ebd05cfe88aaf588", hash = "sha256:83b2021f2ade7d1ed556bc50a399127d7fb245e725aa0113ebd05cfe88aaf588" },
    { url = "https://download.pytorch.org/whl/pillow-10.2.0-cp310-cp310-manylinux_2_17_aarch64.manylinux2014_aarch64.whl#sha256=6fad5ff2f13d69b7e74ce5b4ecd12cc0ec530fcee76356cac6742785ff71c452", hash = "sha256:6fad5ff2f13d69b7e74ce5b4ecd12cc0ec530fcee76356cac6742785ff71c452" },
    { url = "https://download.pytorch.org/whl/pillow-10.2.0-cp310-cp310-manylinux_2_17_x86_64.manylinux2014_x86_64.whl#sha256=da2b52b37dad6d9ec64e653637a096905b258d2fc2b984c41ae7d08b938a67e4", hash = "sha256:da2b52b37dad6d9ec64e653637a096905b258d2fc2b984c41ae7d08b938a67e4" },
    { url = "https://download.pytorch.org/whl/pillow-10.2.0-cp310-cp310-manylinux_2_28_aarch64.whl#sha256=47c0995fc4e7f79b5cfcab1fc437ff2890b770440f7696a3ba065ee0fd496563", hash = "sha256:47c0995fc4e7f79b5cfcab1fc437ff2890b770440f7696a3ba065ee0fd496563" },
    { url = "https://download.pytorch.org/whl/pillow-10.2.0-cp310-cp310-manylinux_2_28_x86_64.whl#sha256=322bdf3c9b556e9ffb18f93462e5f749d3444ce081290352c6070d014c93feb2", hash = "sha256:322bdf3c9b556e9ffb18f93462e5f749d3444ce081290352c6070d014c93feb2" },
    { url = "https://download.pytorch.org/whl/pillow-10.2.0-cp310-cp310-win_amd64.whl#sha256=aebb6044806f2e16ecc07b2a2637ee1ef67a11840a66752751714a0d924adf72", hash = "sha256:aebb6044806f2e16ecc07b2a2637ee1ef67a11840a66752751714a0d924adf72" },
    { url = "https://download.pytorch.org/whl/pillow-10.2.0-cp310-cp310-win_arm64.whl#sha256=7049e301399273a0136ff39b84c3678e314f2158f50f517bc50285fb5ec847ad", hash = "sha256:7049e301399273a0136ff39b84c3678e314f2158f50f517bc50285fb5ec847ad" },
    { url = "https://download.pytorch.org/whl/pillow-10.2.0-cp311-cp311-macosx_10_10_x86_64.whl#sha256=35bb52c37f256f662abdfa49d2dfa6ce5d93281d323a9af377a120e89a9eafb5", hash = "sha256:35bb52c37f256f662abdfa49d2dfa6ce5d93281d323a9af377a120e89a9eafb5" },
    { url = "https://download.pytorch.org/whl/pillow-10.2.0-cp311-cp311-macosx_11_0_arm64.whl#sha256=9c23f307202661071d94b5e384e1e1dc7dfb972a28a2310e4ee16103e66ddb67", hash = "sha256:9c23f307202661071d94b5e384e1e1dc7dfb972a28a2310e4ee16103e66ddb67" },
    { url = "https://download.pytorch.org/whl/pillow-10.2.0-cp311-cp311-manylinux_2_17_aarch64.manylinux2014_aarch64.whl#sha256=773efe0603db30c281521a7c0214cad7836c03b8ccff897beae9b47c0b657d61", hash = "sha256:773efe0603db30c281521a7c0214cad7836c03b8ccff897beae9b47c0b657d61" },
    { url = "https://download.pytorch.org/whl/pillow-10.2.0-cp311-cp311-manylinux_2_17_x86_64.manylinux2014_x86_64.whl#sha256=11fa2e5984b949b0dd6d7a94d967743d87c577ff0b83392f17cb3990d0d2fd6e", hash = "sha256:11fa2e5984b949b0dd6d7a94d967743d87c577ff0b83392f17cb3990d0d2fd6e" },
    { url = "https://download.pytorch.org/whl/pillow-10.2.0-cp311-cp311-manylinux_2_28_aarch64.whl#sha256=716d30ed977be8b37d3ef185fecb9e5a1d62d110dfbdcd1e2a122ab46fddb03f", hash = "sha256:716d30ed977be8b37d3ef185fecb9e5a1d62d110dfbdcd1e2a122ab46fddb03f" },
    { url = "https://download.pytorch.org/whl/pillow-10.2.0-cp311-cp311-manylinux_2_28_x86_64.whl#sha256=a086c2af425c5f62a65e12fbf385f7c9fcb8f107d0849dba5839461a129cf311", hash = "sha256:a086c2af425c5f62a65e12fbf385f7c9fcb8f107d0849dba5839461a129cf311" },
    { url = "https://download.pytorch.org/whl/pillow-10.2.0-cp311-cp311-win_amd64.whl#sha256=1da3b2703afd040cf65ec97efea81cfba59cdbed9c11d8efc5ab09df9509fc56", hash = "sha256:1da3b2703afd040cf65ec97efea81cfba59cdbed9c11d8efc5ab09df9509fc56" },
    { url = "https://download.pytorch.org/whl/pillow-10.2.0-cp311-cp311-win_arm64.whl#sha256=edca80cbfb2b68d7b56930b84a0e45ae1694aeba0541f798e908a49d66b837f1", hash = "sha256:edca80cbfb2b68d7b56930b84a0e45ae1694aeba0541f798e908a49d66b837f1" },
    { url = "https://download.pytorch.org/whl/pillow-10.2.0-cp312-cp312-macosx_10_10_x86_64.whl#sha256=1b5e1b74d1bd1b78bc3477528919414874748dd363e6272efd5abf7654e68bef", hash = "sha256:1b5e1b74d1bd1b78bc3477528919414874748dd363e6272efd5abf7654e68bef" },
    { url = "https://download.pytorch.org/whl/pillow-10.2.0-cp312-cp312-macosx_11_0_arm64.whl#sha256=0eae2073305f451d8ecacb5474997c08569fb4eb4ac231ffa4ad7d342fdc25ac", hash = "sha256:0eae2073305f451d8ecacb5474997c08569fb4eb4ac231ffa4ad7d342fdc25ac" },
    { url = "https://download.pytorch.org/whl/pillow-10.2.0-cp312-cp312-manylinux_2_17_aarch64.manylinux2014_aarch64.whl#sha256=b7c2286c23cd350b80d2fc9d424fc797575fb16f854b831d16fd47ceec078f2c", hash = "sha256:b7c2286c23cd350b80d2fc9d424fc797575fb16f854b831d16fd47ceec078f2c" },
    { url = "https://download.pytorch.org/whl/pillow-10.2.0-cp312-cp312-manylinux_2_17_x86_64.manylinux2014_x86_64.whl#sha256=1e23412b5c41e58cec602f1135c57dfcf15482013ce6e5f093a86db69646a5aa", hash = "sha256:1e23412b5c41e58cec602f1135c57dfcf15482013ce6e5f093a86db69646a5aa" },
    { url = "https://download.pytorch.org/whl/pillow-10.2.0-cp312-cp312-manylinux_2_28_aarch64.whl#sha256=52a50aa3fb3acb9cf7213573ef55d31d6eca37f5709c69e6858fe3bc04a5c2a2", hash = "sha256:52a50aa3fb3acb9cf7213573ef55d31d6eca37f5709c69e6858fe3bc04a5c2a2" },
    { url = "https://download.pytorch.org/whl/pillow-10.2.0-cp312-cp312-manylinux_2_28_x86_64.whl#sha256=127cee571038f252a552760076407f9cff79761c3d436a12af6000cd182a9d04", hash = "sha256:127cee571038f252a552760076407f9cff79761c3d436a12af6000cd182a9d04" },
    { url = "https://download.pytorch.org/whl/pillow-10.2.0-cp312-cp312-win_amd64.whl#sha256=154e939c5f0053a383de4fd3d3da48d9427a7e985f58af8e94d0b3c9fcfcf4f9", hash = "sha256:154e939c5f0053a383de4fd3d3da48d9427a7e985f58af8e94d0b3c9fcfcf4f9" },
    { url = "https://download.pytorch.org/whl/pillow-10.2.0-cp312-cp312-win_arm64.whl#sha256=f379abd2f1e3dddb2b61bc67977a6b5a0a3f7485538bcc6f39ec76163891ee48", hash = "sha256:f379abd2f1e3dddb2b61bc67977a6b5a0a3f7485538bcc6f39ec76163891ee48" },
]

[[distribution]]
name = "requests"
version = "2.28.1"
source = { registry = "https://download.pytorch.org/whl/rocm5.2" }
dependencies = [
    { name = "certifi" },
    { name = "charset-normalizer" },
    { name = "idna" },
    { name = "urllib3" },
]
wheels = [
    { url = "https://download.pytorch.org/whl/requests-2.28.1-py3-none-any.whl#sha256=8fefa2a1a1365bf5520aac41836fbee479da67864514bdb821f31ce07ce65349", hash = "sha256:8fefa2a1a1365bf5520aac41836fbee479da67864514bdb821f31ce07ce65349" },
]

[[distribution]]
name = "scikit-learn"
version = "1.5.1"
source = { registry = "https://pypi.org/simple" }
dependencies = [
    { name = "joblib" },
    { name = "numpy" },
    { name = "scipy" },
    { name = "threadpoolctl" },
]
sdist = { url = "https://files.pythonhosted.org/packages/92/72/2961b9874a9ddf2b0f95f329d4e67f67c3301c1d88ba5e239ff25661bb85/scikit_learn-1.5.1.tar.gz", hash = "sha256:0ea5d40c0e3951df445721927448755d3fe1d80833b0b7308ebff5d2a45e6414", size = 6958368 }
wheels = [
    { url = "https://files.pythonhosted.org/packages/f8/59/d8ea8c05e61d2afa988dfcfe47526595b531e94d23babf58d2e00a35f646/scikit_learn-1.5.1-cp310-cp310-macosx_10_9_x86_64.whl", hash = "sha256:781586c414f8cc58e71da4f3d7af311e0505a683e112f2f62919e3019abd3745", size = 12102257 },
    { url = "https://files.pythonhosted.org/packages/1f/c6/ba8e5691acca616adc8f0d6f8f5e79d55b927530aa404ee712b077acf0cf/scikit_learn-1.5.1-cp310-cp310-macosx_12_0_arm64.whl", hash = "sha256:f5b213bc29cc30a89a3130393b0e39c847a15d769d6e59539cd86b75d276b1a7", size = 10975310 },
    { url = "https://files.pythonhosted.org/packages/5c/c6/e362563cc7dfe37e4699cbf2b2d22c2854be227c254976de1c4854fc6e84/scikit_learn-1.5.1-cp310-cp310-manylinux_2_17_aarch64.manylinux2014_aarch64.whl", hash = "sha256:1ff4ba34c2abff5ec59c803ed1d97d61b036f659a17f55be102679e88f926fac", size = 12496508 },
    { url = "https://files.pythonhosted.org/packages/f2/60/6c589c91e474721efdcec82ea9cc5c743359e52637e46c364ee5236666ef/scikit_learn-1.5.1-cp310-cp310-manylinux_2_17_x86_64.manylinux2014_x86_64.whl", hash = "sha256:161808750c267b77b4a9603cf9c93579c7a74ba8486b1336034c2f1579546d21", size = 13352348 },
    { url = "https://files.pythonhosted.org/packages/f1/13/de29b945fb28fc0c24159d3a83f1250c5232c1c9abac12434c7c3447e9cc/scikit_learn-1.5.1-cp310-cp310-win_amd64.whl", hash = "sha256:10e49170691514a94bb2e03787aa921b82dbc507a4ea1f20fd95557862c98dc1", size = 10966250 },
    { url = "https://files.pythonhosted.org/packages/03/86/ab9f95e338c5ef5b4e79463ee91e55aae553213835e59bf038bc0cc21bf8/scikit_learn-1.5.1-cp311-cp311-macosx_10_9_x86_64.whl", hash = "sha256:154297ee43c0b83af12464adeab378dee2d0a700ccd03979e2b821e7dd7cc1c2", size = 12087598 },
    { url = "https://files.pythonhosted.org/packages/7d/d7/fb80c63062b60b1fa5dcb2d4dd3a4e83bd8c68cdc83cf6ff8c016228f184/scikit_learn-1.5.1-cp311-cp311-macosx_12_0_arm64.whl", hash = "sha256:b5e865e9bd59396220de49cb4a57b17016256637c61b4c5cc81aaf16bc123bbe", size = 10979067 },
    { url = "https://files.pythonhosted.org/packages/c1/f8/fd3fa610cac686952d8c78b8b44cf5263c6c03885bd8e5d5819c684b44e8/scikit_learn-1.5.1-cp311-cp311-manylinux_2_17_aarch64.manylinux2014_aarch64.whl", hash = "sha256:909144d50f367a513cee6090873ae582dba019cb3fca063b38054fa42704c3a4", size = 12485469 },
    { url = "https://files.pythonhosted.org/packages/32/63/ed228892adad313aab0d0f9261241e7bf1efe36730a2788ad424bcad00ca/scikit_learn-1.5.1-cp311-cp311-manylinux_2_17_x86_64.manylinux2014_x86_64.whl", hash = "sha256:689b6f74b2c880276e365fe84fe4f1befd6a774f016339c65655eaff12e10cbf", size = 13335048 },
    { url = "https://files.pythonhosted.org/packages/5d/55/0403bf2031250ac982c8053397889fbc5a3a2b3798b913dae4f51c3af6a4/scikit_learn-1.5.1-cp311-cp311-win_amd64.whl", hash = "sha256:9a07f90846313a7639af6a019d849ff72baadfa4c74c778821ae0fad07b7275b", size = 10988436 },
    { url = "https://files.pythonhosted.org/packages/b1/8d/cf392a56e24627093a467642c8b9263052372131359b570df29aaf4811ab/scikit_learn-1.5.1-cp312-cp312-macosx_10_9_x86_64.whl", hash = "sha256:5944ce1faada31c55fb2ba20a5346b88e36811aab504ccafb9f0339e9f780395", size = 12102404 },
    { url = "https://files.pythonhosted.org/packages/d5/2c/734fc9269bdb6768905ac41b82d75264b26925b1e462f4ebf45fe4f17646/scikit_learn-1.5.1-cp312-cp312-macosx_12_0_arm64.whl", hash = "sha256:0828673c5b520e879f2af6a9e99eee0eefea69a2188be1ca68a6121b809055c1", size = 11037398 },
    { url = "https://files.pythonhosted.org/packages/d3/a9/15774b178bcd1cde1c470adbdb554e1504dce7c302e02ff736c90d65e014/scikit_learn-1.5.1-cp312-cp312-manylinux_2_17_aarch64.manylinux2014_aarch64.whl", hash = "sha256:508907e5f81390e16d754e8815f7497e52139162fd69c4fdbd2dfa5d6cc88915", size = 12089887 },
    { url = "https://files.pythonhosted.org/packages/8a/5d/047cde25131eef3a38d03317fa7d25d6f60ce6e8ccfd24ac88b3e309fc00/scikit_learn-1.5.1-cp312-cp312-manylinux_2_17_x86_64.manylinux2014_x86_64.whl", hash = "sha256:97625f217c5c0c5d0505fa2af28ae424bd37949bb2f16ace3ff5f2f81fb4498b", size = 13079093 },
    { url = "https://files.pythonhosted.org/packages/cb/be/dec2a8d31d133034a8ec51ae68ac564ec9bde1c78a64551f1438c3690b9e/scikit_learn-1.5.1-cp312-cp312-win_amd64.whl", hash = "sha256:da3f404e9e284d2b0a157e1b56b6566a34eb2798205cba35a211df3296ab7a74", size = 10945350 },
]

[[distribution]]
name = "scipy"
version = "1.14.0"
source = { registry = "https://pypi.org/simple" }
dependencies = [
    { name = "numpy" },
]
sdist = { url = "https://files.pythonhosted.org/packages/4e/e5/0230da034a2e1b1feb32621d7cd57c59484091d6dccc9e6b855b0d309fc9/scipy-1.14.0.tar.gz", hash = "sha256:b5923f48cb840380f9854339176ef21763118a7300a88203ccd0bdd26e58527b", size = 58618870 }
wheels = [
    { url = "https://files.pythonhosted.org/packages/c6/90/face72921ce52d74880b380e6f86b3caa6c65766c5808fbe179e208b9c6d/scipy-1.14.0-cp310-cp310-macosx_10_9_x86_64.whl", hash = "sha256:7e911933d54ead4d557c02402710c2396529540b81dd554fc1ba270eb7308484", size = 39120226 },
    { url = "https://files.pythonhosted.org/packages/6e/a1/0093566d31ae662e942d4079e2a4dea4256723bf3d072ae67f5ba41aee0d/scipy-1.14.0-cp310-cp310-macosx_12_0_arm64.whl", hash = "sha256:687af0a35462402dd851726295c1a5ae5f987bd6e9026f52e9505994e2f84ef6", size = 29866893 },
    { url = "https://files.pythonhosted.org/packages/52/21/05a182fb405a53dfbdf6415308bf185677e89188bc2206de011a3653f48e/scipy-1.14.0-cp310-cp310-macosx_14_0_arm64.whl", hash = "sha256:07e179dc0205a50721022344fb85074f772eadbda1e1b3eecdc483f8033709b7", size = 23076258 },
    { url = "https://files.pythonhosted.org/packages/5c/63/9954d14012a2f4aff4570f1aaf076d7f65f3fc246ae4483b765488d57d51/scipy-1.14.0-cp310-cp310-macosx_14_0_x86_64.whl", hash = "sha256:6a9c9a9b226d9a21e0a208bdb024c3982932e43811b62d202aaf1bb59af264b1", size = 25454715 },
    { url = "https://files.pythonhosted.org/packages/57/b8/ca969a99d34956c6546cbb9ea3f863a387009f68cdbad13cdb07db0cc23d/scipy-1.14.0-cp310-cp310-manylinux_2_17_aarch64.manylinux2014_aarch64.whl", hash = "sha256:076c27284c768b84a45dcf2e914d4000aac537da74236a0d45d82c6fa4b7b3c0", size = 35569038 },
    { url = "https://files.pythonhosted.org/packages/e2/20/15c8fe0dfebb6facd81b3d08bf45dfa080e305deb17172b0a40eba59e927/scipy-1.14.0-cp310-cp310-manylinux_2_17_x86_64.manylinux2014_x86_64.whl", hash = "sha256:42470ea0195336df319741e230626b6225a740fd9dce9642ca13e98f667047c0", size = 41135959 },
    { url = "https://files.pythonhosted.org/packages/df/a2/8721f93fbf98a69067d20bdfded36a7de2a3d811f192edba9eeefbde61b8/scipy-1.14.0-cp310-cp310-musllinux_1_1_x86_64.whl", hash = "sha256:176c6f0d0470a32f1b2efaf40c3d37a24876cebf447498a4cefb947a79c21e9d", size = 41118514 },
    { url = "https://files.pythonhosted.org/packages/a3/0c/82c1330c08f31d61142d38cb9a185e01c2403c990d10dab208032e62d0fa/scipy-1.14.0-cp310-cp310-win_amd64.whl", hash = "sha256:ad36af9626d27a4326c8e884917b7ec321d8a1841cd6dacc67d2a9e90c2f0359", size = 44763252 },
    { url = "https://files.pythonhosted.org/packages/10/55/d6096721c0f0d7e7369da9660a854c14e6379ab7aba603ea5d492d77fa23/scipy-1.14.0-cp311-cp311-macosx_10_9_x86_64.whl", hash = "sha256:6d056a8709ccda6cf36cdd2eac597d13bc03dba38360f418560a93050c76a16e", size = 39129318 },
    { url = "https://files.pythonhosted.org/packages/56/95/1a3a04b5facab8287325ad2335dbb6b78b98d73690c832099c9c498f7a4d/scipy-1.14.0-cp311-cp311-macosx_12_0_arm64.whl", hash = "sha256:f0a50da861a7ec4573b7c716b2ebdcdf142b66b756a0d392c236ae568b3a93fb", size = 29880413 },
    { url = "https://files.pythonhosted.org/packages/8b/d2/78e3342f5db363ddf92de84007d43e47c8bb24363bd509e1b75a5102a25d/scipy-1.14.0-cp311-cp311-macosx_14_0_arm64.whl", hash = "sha256:94c164a9e2498e68308e6e148646e486d979f7fcdb8b4cf34b5441894bdb9caf", size = 23089804 },
    { url = "https://files.pythonhosted.org/packages/6a/d6/db686519059afb367e5a06935556b50fa422d792a658ce071f4527c785bf/scipy-1.14.0-cp311-cp311-macosx_14_0_x86_64.whl", hash = "sha256:a7d46c3e0aea5c064e734c3eac5cf9eb1f8c4ceee756262f2c7327c4c2691c86", size = 25479561 },
    { url = "https://files.pythonhosted.org/packages/6c/bb/f44e22697740893ffa84239ca3766bdb908c1c7135ebb272d5bd4bdc33e2/scipy-1.14.0-cp311-cp311-manylinux_2_17_aarch64.manylinux2014_aarch64.whl", hash = "sha256:9eee2989868e274aae26125345584254d97c56194c072ed96cb433f32f692ed8", size = 35558723 },
    { url = "https://files.pythonhosted.org/packages/89/bb/80c9c98d887c855710fd31fc5ae5574133e98203b3475b07579251803662/scipy-1.14.0-cp311-cp311-manylinux_2_17_x86_64.manylinux2014_x86_64.whl", hash = "sha256:9e3154691b9f7ed73778d746da2df67a19d046a6c8087c8b385bc4cdb2cfca74", size = 41132874 },
    { url = "https://files.pythonhosted.org/packages/c4/c6/b7a0774808a0f65bd3bba4558c8d6b90c24e852656087045a0a7ada24868/scipy-1.14.0-cp311-cp311-musllinux_1_1_x86_64.whl", hash = "sha256:c40003d880f39c11c1edbae8144e3813904b10514cd3d3d00c277ae996488cdb", size = 41073588 },
    { url = "https://files.pythonhosted.org/packages/91/1d/0484130df7e33e044da88a091827d6441b77f907075bf7bbe145857d6590/scipy-1.14.0-cp311-cp311-win_amd64.whl", hash = "sha256:5b083c8940028bb7e0b4172acafda6df762da1927b9091f9611b0bcd8676f2bc", size = 44749773 },
    { url = "https://files.pythonhosted.org/packages/50/51/3aa6bcde60dec542c6b8363b6a871b02827a41f01ab9c0c9324464f8c4cd/scipy-1.14.0-cp312-cp312-macosx_10_9_x86_64.whl", hash = "sha256:bff2438ea1330e06e53c424893ec0072640dac00f29c6a43a575cbae4c99b2b9", size = 39176568 },
    { url = "https://files.pythonhosted.org/packages/5c/76/f2b91ea2d2b76504e845699271be9c0ca3492770614fb6b911fb517023de/scipy-1.14.0-cp312-cp312-macosx_12_0_arm64.whl", hash = "sha256:bbc0471b5f22c11c389075d091d3885693fd3f5e9a54ce051b46308bc787e5d4", size = 29925587 },
    { url = "https://files.pythonhosted.org/packages/09/70/5e756d3f90fe3fff64d1550db0fa6bb9eb76eedd084c568618f93441f08c/scipy-1.14.0-cp312-cp312-macosx_14_0_arm64.whl", hash = "sha256:64b2ff514a98cf2bb734a9f90d32dc89dc6ad4a4a36a312cd0d6327170339eb0", size = 23134915 },
    { url = "https://files.pythonhosted.org/packages/f2/1e/41e1a295dc54d21f6a6b2ff5e85e398b5aea076cf69fdedbc943b9c73b2d/scipy-1.14.0-cp312-cp312-macosx_14_0_x86_64.whl", hash = "sha256:7d3da42fbbbb860211a811782504f38ae7aaec9de8764a9bef6b262de7a2b50f", size = 25556831 },
    { url = "https://files.pythonhosted.org/packages/24/0e/c7812fbfa1e29e26cd28c6972be43e3fe49427c5f1663c4b992c431e247d/scipy-1.14.0-cp312-cp312-manylinux_2_17_aarch64.manylinux2014_aarch64.whl", hash = "sha256:d91db2c41dd6c20646af280355d41dfa1ec7eead235642178bd57635a3f82209", size = 35295529 },
    { url = "https://files.pythonhosted.org/packages/9b/00/ce54410e344b3a6032cd42ed53fe425cf57a66d28e337670292bbb419ebc/scipy-1.14.0-cp312-cp312-manylinux_2_17_x86_64.manylinux2014_x86_64.whl", hash = "sha256:a01cc03bcdc777c9da3cfdcc74b5a75caffb48a6c39c8450a9a05f82c4250a14", size = 40785123 },
    { url = "https://files.pythonhosted.org/packages/45/ed/75f5d318cf7af841835cec9534704d3a4cb6a96460677f05466c928790a7/scipy-1.14.0-cp312-cp312-musllinux_1_1_x86_64.whl", hash = "sha256:65df4da3c12a2bb9ad52b86b4dcf46813e869afb006e58be0f516bc370165159", size = 40704660 },
    { url = "https://files.pythonhosted.org/packages/3f/72/305686527c68f33f1dd3ebdd28f53340d372b2f9e44dccaf6f92e17739d3/scipy-1.14.0-cp312-cp312-win_amd64.whl", hash = "sha256:4c4161597c75043f7154238ef419c29a64ac4a7c889d588ea77690ac4d0d9b20", size = 44475988 },
]

[[distribution]]
name = "shoeprint-image-retrieval"
version = "0.1.0"
source = { editable = "." }
dependencies = [
    { name = "numpy" },
    { name = "opencv-python" },
    { name = "pillow" },
    { name = "scikit-learn" },
    { name = "torch" },
    { name = "torchvision" },
    { name = "tqdm" },
]

[[distribution]]
name = "threadpoolctl"
version = "3.5.0"
source = { registry = "https://pypi.org/simple" }
sdist = { url = "https://files.pythonhosted.org/packages/bd/55/b5148dcbf72f5cde221f8bfe3b6a540da7aa1842f6b491ad979a6c8b84af/threadpoolctl-3.5.0.tar.gz", hash = "sha256:082433502dd922bf738de0d8bcc4fdcbf0979ff44c42bd40f5af8a282f6fa107", size = 41936 }
wheels = [
    { url = "https://files.pythonhosted.org/packages/4b/2c/ffbf7a134b9ab11a67b0cf0726453cedd9c5043a4fe7a35d1cefa9a1bcfb/threadpoolctl-3.5.0-py3-none-any.whl", hash = "sha256:56c1e26c150397e58c4926da8eeee87533b1e32bef131bd4bf6a2f45f3185467", size = 18414 },
]

[[distribution]]
name = "torch"
version = "1.13.1+rocm5.2"
source = { registry = "https://download.pytorch.org/whl/rocm5.2" }
dependencies = [
    { name = "typing-extensions" },
]
wheels = [
    { url = "https://download.pytorch.org/whl/rocm5.2/torch-1.13.1%2Brocm5.2-cp310-cp310-linux_x86_64.whl#sha256=f3685d08ac0d8c951cc367f9bd4b2c924c5d4517669c476807748abcd966136f", hash = "sha256:f3685d08ac0d8c951cc367f9bd4b2c924c5d4517669c476807748abcd966136f" },
]

[[distribution]]
name = "torchvision"
version = "0.14.1+rocm5.2"
source = { registry = "https://download.pytorch.org/whl/rocm5.2" }
dependencies = [
    { name = "numpy" },
    { name = "pillow" },
    { name = "requests" },
    { name = "torch" },
    { name = "typing-extensions" },
]
wheels = [
    { url = "https://download.pytorch.org/whl/rocm5.2/torchvision-0.14.1%2Brocm5.2-cp310-cp310-linux_x86_64.whl#sha256=a01606fcaedb824c6ed14be6c92d94d6e7762e4150fc26ab731a4427dc733184", hash = "sha256:a01606fcaedb824c6ed14be6c92d94d6e7762e4150fc26ab731a4427dc733184" },
]

[[distribution]]
name = "tqdm"
version = "4.64.1"
source = { registry = "https://download.pytorch.org/whl/rocm5.2" }
dependencies = [
    { name = "colorama", marker = "platform_system == 'Windows'" },
]
wheels = [
    { url = "https://download.pytorch.org/whl/tqdm-4.64.1-py2.py3-none-any.whl#sha256=6fee160d6ffcd1b1c68c65f14c829c22832bc401726335ce92c52d395944a6a1", hash = "sha256:6fee160d6ffcd1b1c68c65f14c829c22832bc401726335ce92c52d395944a6a1" },
]

[[distribution]]
name = "typing-extensions"
version = "4.9.0"
source = { registry = "https://download.pytorch.org/whl/rocm5.2" }
wheels = [
    { url = "https://download.pytorch.org/whl/typing_extensions-4.9.0-py3-none-any.whl#sha256=af72aea155e91adfc61c3ae9e0e342dbc0cba726d6cba4b6c72c1f34e47291cd", hash = "sha256:af72aea155e91adfc61c3ae9e0e342dbc0cba726d6cba4b6c72c1f34e47291cd" },
]

[[distribution]]
name = "urllib3"
version = "1.26.13"
source = { registry = "https://download.pytorch.org/whl/rocm5.2" }
wheels = [
    { url = "https://download.pytorch.org/whl/urllib3-1.26.13-py2.py3-none-any.whl#sha256=47cc05d99aaa09c9e72ed5809b60e7ba354e64b59c9c173ac3018642d8bb41fc", hash = "sha256:47cc05d99aaa09c9e72ed5809b60e7ba354e64b59c9c173ac3018642d8bb41fc" },
]
